
Microsoft Visual Studio Solution File, Format Version 12.00
# Visual Studio 15
VisualStudioVersion = 15.0.28307.421
MinimumVisualStudioVersion = 10.0.40219.1
Project("{FAE04EC0-301F-11D3-BF4B-00C04F79EFBC}") = "Ejemplo3 (Edad)", "Ejemplo3 (Edad)\Ejemplo3 (Edad).csproj", "{7ED25BC1-450A-4BB8-8D64-30A92D7E4E5F}"
EndProject
Global
	GlobalSection(SolutionConfigurationPlatforms) = preSolution
		Debug|Any CPU = Debug|Any CPU
		Release|Any CPU = Release|Any CPU
	EndGlobalSection
	GlobalSection(ProjectConfigurationPlatforms) = postSolution
		{7ED25BC1-450A-4BB8-8D64-30A92D7E4E5F}.Debug|Any CPU.ActiveCfg = Debug|Any CPU
		{7ED25BC1-450A-4BB8-8D64-30A92D7E4E5F}.Debug|Any CPU.Build.0 = Debug|Any CPU
		{7ED25BC1-450A-4BB8-8D64-30A92D7E4E5F}.Release|Any CPU.ActiveCfg = Release|Any CPU
		{7ED25BC1-450A-4BB8-8D64-30A92D7E4E5F}.Release|Any CPU.Build.0 = Release|Any CPU
	EndGlobalSection
	GlobalSection(SolutionProperties) = preSolution
		HideSolutionNode = FALSE
	EndGlobalSection
	GlobalSection(ExtensibilityGlobals) = postSolution
		SolutionGuid = {16AB9E12-B366-47CF-82DC-2F4BBECA5F05}
	EndGlobalSection
EndGlobal
