
Microsoft Visual Studio Solution File, Format Version 12.00
# Visual Studio 15
VisualStudioVersion = 15.0.28307.421
MinimumVisualStudioVersion = 10.0.40219.1
Project("{FAE04EC0-301F-11D3-BF4B-00C04F79EFBC}") = "Ejemplo2 (Calculadora)", "Ejemplo2 (Calculadora)\Ejemplo2 (Calculadora).csproj", "{8B505673-D734-49DF-B8C8-DDBBA615E489}"
EndProject
Global
	GlobalSection(SolutionConfigurationPlatforms) = preSolution
		Debug|Any CPU = Debug|Any CPU
		Release|Any CPU = Release|Any CPU
	EndGlobalSection
	GlobalSection(ProjectConfigurationPlatforms) = postSolution
		{8B505673-D734-49DF-B8C8-DDBBA615E489}.Debug|Any CPU.ActiveCfg = Debug|Any CPU
		{8B505673-D734-49DF-B8C8-DDBBA615E489}.Debug|Any CPU.Build.0 = Debug|Any CPU
		{8B505673-D734-49DF-B8C8-DDBBA615E489}.Release|Any CPU.ActiveCfg = Release|Any CPU
		{8B505673-D734-49DF-B8C8-DDBBA615E489}.Release|Any CPU.Build.0 = Release|Any CPU
	EndGlobalSection
	GlobalSection(SolutionProperties) = preSolution
		HideSolutionNode = FALSE
	EndGlobalSection
	GlobalSection(ExtensibilityGlobals) = postSolution
		SolutionGuid = {B0376A8A-9A64-4F54-8C61-9D0A4A48BFF0}
	EndGlobalSection
EndGlobal
